// !$*UTF8*$!
{
	archiveVersion = 1;
	classes = {
	};
	objectVersion = 77;
	objects = {

/* Begin PBXContainerItemProxy section */
		B97437B12E0223B5006475E5 /* PBXContainerItemProxy */ = {
			isa = PBXContainerItemProxy;
			containerPortal = B974379B2E0223B0006475E5 /* Project object */;
			proxyType = 1;
			remoteGlobalIDString = B97437A22E0223B0006475E5;
			remoteInfo = "Comm Liquid Glass";
		};
		B97437BB2E0223B5006475E5 /* PBXContainerItemProxy */ = {
			isa = PBXContainerItemProxy;
			containerPortal = B974379B2E0223B0006475E5 /* Project object */;
			proxyType = 1;
			remoteGlobalIDString = B97437A22E0223B0006475E5;
			remoteInfo = "Comm Liquid Glass";
		};
/* End PBXContainerItemProxy section */

/* Begin PBXFileReference section */
		B97437A32E0223B0006475E5 /* Comm Liquid Glass.app */ = {isa = PBXFileReference; explicitFileType = wrapper.application; includeInIndex = 0; path = "Comm Liquid Glass.app"; sourceTree = BUILT_PRODUCTS_DIR; };
		B97437B02E0223B5006475E5 /* Comm Liquid GlassTests.xctest */ = {isa = PBXFileReference; explicitFileType = wrapper.cfbundle; includeInIndex = 0; path = "Comm Liquid GlassTests.xctest"; sourceTree = BUILT_PRODUCTS_DIR; };
		B97437BA2E0223B5006475E5 /* Comm Liquid GlassUITests.xctest */ = {isa = PBXFileReference; explicitFileType = wrapper.cfbundle; includeInIndex = 0; path = "Comm Liquid GlassUITests.xctest"; sourceTree = BUILT_PRODUCTS_DIR; };
/* End PBXFileReference section */

/* Begin PBXFileSystemSynchronizedRootGroup section */
		B97437A52E0223B0006475E5 /* Comm Liquid Glass */ = {
			isa = PBXFileSystemSynchronizedRootGroup;
			path = "Comm Liquid Glass";
			sourceTree = "<group>";
		};
		B97437B32E0223B5006475E5 /* Comm Liquid GlassTests */ = {
			isa = PBXFileSystemSynchronizedRootGroup;
			path = "Comm Liquid GlassTests";
			sourceTree = "<group>";
		};
		B97437BD2E0223B5006475E5 /* Comm Liquid GlassUITests */ = {
			isa = PBXFileSystemSynchronizedRootGroup;
			path = "Comm Liquid GlassUITests";
			sourceTree = "<group>";
		};
/* End PBXFileSystemSynchronizedRootGroup section */

/* Begin PBXFrameworksBuildPhase section */
		B97437A02E0223B0006475E5 /* Frameworks */ = {
			isa = PBXFrameworksBuildPhase;
			buildActionMask = 2147483647;
			files = (
			);
			runOnlyForDeploymentPostprocessing = 0;
		};
		B97437AD2E0223B5006475E5 /* Frameworks */ = {
			isa = PBXFrameworksBuildPhase;
			buildActionMask = 2147483647;
			files = (
			);
			runOnlyForDeploymentPostprocessing = 0;
		};
		B97437B72E0223B5006475E5 /* Frameworks */ = {
			isa = PBXFrameworksBuildPhase;
			buildActionMask = 2147483647;
			files = (
			);
			runOnlyForDeploymentPostprocessing = 0;
		};
/* End PBXFrameworksBuildPhase section */

/* Begin PBXGroup section */
		B974379A2E0223B0006475E5 = {
			isa = PBXGroup;
			children = (
				B97437A52E0223B0006475E5 /* Comm Liquid Glass */,
				B97437B32E0223B5006475E5 /* Comm Liquid GlassTests */,
				B97437BD2E0223B5006475E5 /* Comm Liquid GlassUITests */,
				B97437A42E0223B0006475E5 /* Products */,
			);
			sourceTree = "<group>";
		};
		B97437A42E0223B0006475E5 /* Products */ = {
			isa = PBXGroup;
			children = (
				B97437A32E0223B0006475E5 /* Comm Liquid Glass.app */,
				B97437B02E0223B5006475E5 /* Comm Liquid GlassTests.xctest */,
				B97437BA2E0223B5006475E5 /* Comm Liquid GlassUITests.xctest */,
			);
			name = Products;
			sourceTree = "<group>";
		};
/* End PBXGroup section */

/* Begin PBXNativeTarget section */
		B97437A22E0223B0006475E5 /* Comm Liquid Glass */ = {
			isa = PBXNativeTarget;
			buildConfigurationList = B97437C42E0223B5006475E5 /* Build configuration list for PBXNativeTarget "Comm Liquid Glass" */;
			buildPhases = (
				B974379F2E0223B0006475E5 /* Sources */,
				B97437A02E0223B0006475E5 /* Frameworks */,
				B97437A12E0223B0006475E5 /* Resources */,
			);
			buildRules = (
			);
			dependencies = (
			);
			fileSystemSynchronizedGroups = (
				B97437A52E0223B0006475E5 /* Comm Liquid Glass */,
			);
			name = "Comm Liquid Glass";
			packageProductDependencies = (
			);
			productName = "Comm Liquid Glass";
			productReference = B97437A32E0223B0006475E5 /* Comm Liquid Glass.app */;
			productType = "com.apple.product-type.application";
		};
		B97437AF2E0223B5006475E5 /* Comm Liquid GlassTests */ = {
			isa = PBXNativeTarget;
			buildConfigurationList = B97437C72E0223B5006475E5 /* Build configuration list for PBXNativeTarget "Comm Liquid GlassTests" */;
			buildPhases = (
				B97437AC2E0223B5006475E5 /* Sources */,
				B97437AD2E0223B5006475E5 /* Frameworks */,
				B97437AE2E0223B5006475E5 /* Resources */,
			);
			buildRules = (
			);
			dependencies = (
				B97437B22E0223B5006475E5 /* PBXTargetDependency */,
			);
			fileSystemSynchronizedGroups = (
				B97437B32E0223B5006475E5 /* Comm Liquid GlassTests */,
			);
			name = "Comm Liquid GlassTests";
			packageProductDependencies = (
			);
			productName = "Comm Liquid GlassTests";
			productReference = B97437B02E0223B5006475E5 /* Comm Liquid GlassTests.xctest */;
			productType = "com.apple.product-type.bundle.unit-test";
		};
		B97437B92E0223B5006475E5 /* Comm Liquid GlassUITests */ = {
			isa = PBXNativeTarget;
			buildConfigurationList = B97437CA2E0223B5006475E5 /* Build configuration list for PBXNativeTarget "Comm Liquid GlassUITests" */;
			buildPhases = (
				B97437B62E0223B5006475E5 /* Sources */,
				B97437B72E0223B5006475E5 /* Frameworks */,
				B97437B82E0223B5006475E5 /* Resources */,
			);
			buildRules = (
			);
			dependencies = (
				B97437BC2E0223B5006475E5 /* PBXTargetDependency */,
			);
			fileSystemSynchronizedGroups = (
				B97437BD2E0223B5006475E5 /* Comm Liquid GlassUITests */,
			);
			name = "Comm Liquid GlassUITests";
			packageProductDependencies = (
			);
			productName = "Comm Liquid GlassUITests";
			productReference = B97437BA2E0223B5006475E5 /* Comm Liquid GlassUITests.xctest */;
			productType = "com.apple.product-type.bundle.ui-testing";
		};
/* End PBXNativeTarget section */

/* Begin PBXProject section */
		B974379B2E0223B0006475E5 /* Project object */ = {
			isa = PBXProject;
			attributes = {
				BuildIndependentTargetsInParallel = 1;
				LastSwiftUpdateCheck = 1640;
				LastUpgradeCheck = 1640;
				TargetAttributes = {
					B97437A22E0223B0006475E5 = {
						CreatedOnToolsVersion = 16.4;
					};
					B97437AF2E0223B5006475E5 = {
						CreatedOnToolsVersion = 16.4;
						TestTargetID = B97437A22E0223B0006475E5;
					};
					B97437B92E0223B5006475E5 = {
						CreatedOnToolsVersion = 16.4;
						TestTargetID = B97437A22E0223B0006475E5;
					};
				};
			};
			buildConfigurationList = B974379E2E0223B0006475E5 /* Build configuration list for PBXProject "Comm Liquid Glass" */;
			developmentRegion = en;
			hasScannedForEncodings = 0;
			knownRegions = (
				en,
				Base,
			);
			mainGroup = B974379A2E0223B0006475E5;
			minimizedProjectReferenceProxies = 1;
			preferredProjectObjectVersion = 77;
			productRefGroup = B97437A42E0223B0006475E5 /* Products */;
			projectDirPath = "";
			projectRoot = "";
			targets = (
				B97437A22E0223B0006475E5 /* Comm Liquid Glass */,
				B97437AF2E0223B5006475E5 /* Comm Liquid GlassTests */,
				B97437B92E0223B5006475E5 /* Comm Liquid GlassUITests */,
			);
		};
/* End PBXProject section */

/* Begin PBXResourcesBuildPhase section */
		B97437A12E0223B0006475E5 /* Resources */ = {
			isa = PBXResourcesBuildPhase;
			buildActionMask = 2147483647;
			files = (
			);
			runOnlyForDeploymentPostprocessing = 0;
		};
		B97437AE2E0223B5006475E5 /* Resources */ = {
			isa = PBXResourcesBuildPhase;
			buildActionMask = 2147483647;
			files = (
			);
			runOnlyForDeploymentPostprocessing = 0;
		};
		B97437B82E0223B5006475E5 /* Resources */ = {
			isa = PBXResourcesBuildPhase;
			buildActionMask = 2147483647;
			files = (
			);
			runOnlyForDeploymentPostprocessing = 0;
		};
/* End PBXResourcesBuildPhase section */

/* Begin PBXSourcesBuildPhase section */
		B974379F2E0223B0006475E5 /* Sources */ = {
			isa = PBXSourcesBuildPhase;
			buildActionMask = 2147483647;
			files = (
			);
			runOnlyForDeploymentPostprocessing = 0;
		};
		B97437AC2E0223B5006475E5 /* Sources */ = {
			isa = PBXSourcesBuildPhase;
			buildActionMask = 2147483647;
			files = (
			);
			runOnlyForDeploymentPostprocessing = 0;
		};
		B97437B62E0223B5006475E5 /* Sources */ = {
			isa = PBXSourcesBuildPhase;
			buildActionMask = 2147483647;
			files = (
			);
			runOnlyForDeploymentPostprocessing = 0;
		};
/* End PBXSourcesBuildPhase section */

/* Begin PBXTargetDependency section */
		B97437B22E0223B5006475E5 /* PBXTargetDependency */ = {
			isa = PBXTargetDependency;
			target = B97437A22E0223B0006475E5 /* Comm Liquid Glass */;
			targetProxy = B97437B12E0223B5006475E5 /* PBXContainerItemProxy */;
		};
		B97437BC2E0223B5006475E5 /* PBXTargetDependency */ = {
			isa = PBXTargetDependency;
			target = B97437A22E0223B0006475E5 /* Comm Liquid Glass */;
			targetProxy = B97437BB2E0223B5006475E5 /* PBXContainerItemProxy */;
		};
/* End PBXTargetDependency section */

/* Begin XCBuildConfiguration section */
		B97437C22E0223B5006475E5 /* Debug */ = {
			isa = XCBuildConfiguration;
			buildSettings = {
				ALWAYS_SEARCH_USER_PATHS = NO;
				ASSETCATALOG_COMPILER_GENERATE_SWIFT_ASSET_SYMBOL_EXTENSIONS = YES;
				CLANG_ANALYZER_NONNULL = YES;
				CLANG_ANALYZER_NUMBER_OBJECT_CONVERSION = YES_AGGRESSIVE;
				CLANG_CXX_LANGUAGE_STANDARD = "gnu++20";
				CLANG_ENABLE_MODULES = YES;
				CLANG_ENABLE_OBJC_ARC = YES;
				CLANG_ENABLE_OBJC_WEAK = YES;
				CLANG_WARN_BLOCK_CAPTURE_AUTORELEASING = YES;
				CLANG_WARN_BOOL_CONVERSION = YES;
				CLANG_WARN_COMMA = YES;
				CLANG_WARN_CONSTANT_CONVERSION = YES;
				CLANG_WARN_DEPRECATED_OBJC_IMPLEMENTATIONS = YES;
				CLANG_WARN_DIRECT_OBJC_ISA_USAGE = YES_ERROR;
				CLANG_WARN_DOCUMENTATION_COMMENTS = YES;
				CLANG_WARN_EMPTY_BODY = YES;
				CLANG_WARN_ENUM_CONVERSION = YES;
				CLANG_WARN_INFINITE_RECURSION = YES;
				CLANG_WARN_INT_CONVERSION = YES;
				CLANG_WARN_NON_LITERAL_NULL_CONVERSION = YES;
				CLANG_WARN_OBJC_IMPLICIT_RETAIN_SELF = YES;
				CLANG_WARN_OBJC_LITERAL_CONVERSION = YES;
				CLANG_WARN_OBJC_ROOT_CLASS = YES_ERROR;
				CLANG_WARN_QUOTED_INCLUDE_IN_FRAMEWORK_HEADER = YES;
				CLANG_WARN_RANGE_LOOP_ANALYSIS = YES;
				CLANG_WARN_STRICT_PROTOTYPES = YES;
				CLANG_WARN_SUSPICIOUS_MOVE = YES;
				CLANG_WARN_UNGUARDED_AVAILABILITY = YES_AGGRESSIVE;
				CLANG_WARN_UNREACHABLE_CODE = YES;
				CLANG_WARN__DUPLICATE_METHOD_MATCH = YES;
				COPY_PHASE_STRIP = NO;
				DEBUG_INFORMATION_FORMAT = dwarf;
				ENABLE_STRICT_OBJC_MSGSEND = YES;
				ENABLE_TESTABILITY = YES;
				ENABLE_USER_SCRIPT_SANDBOXING = YES;
				GCC_C_LANGUAGE_STANDARD = gnu17;
				GCC_DYNAMIC_NO_PIC = NO;
				GCC_NO_COMMON_BLOCKS = YES;
				GCC_OPTIMIZATION_LEVEL = 0;
				GCC_PREPROCESSOR_DEFINITIONS = (
					"DEBUG=1",
					"$(inherited)",
				);
				GCC_WARN_64_TO_32_BIT_CONVERSION = YES;
				GCC_WARN_ABOUT_RETURN_TYPE = YES_ERROR;
				GCC_WARN_UNDECLARED_SELECTOR = YES;
				GCC_WARN_UNINITIALIZED_AUTOS = YES_AGGRESSIVE;
				GCC_WARN_UNUSED_FUNCTION = YES;
				GCC_WARN_UNUSED_VARIABLE = YES;
				IPHONEOS_DEPLOYMENT_TARGET = 18.5;
				LOCALIZATION_PREFERS_STRING_CATALOGS = YES;
				MTL_ENABLE_DEBUG_INFO = INCLUDE_SOURCE;
				MTL_FAST_MATH = YES;
				ONLY_ACTIVE_ARCH = YES;
				SDKROOT = iphoneos;
				SWIFT_ACTIVE_COMPILATION_CONDITIONS = "DEBUG $(inherited)";
				SWIFT_OPTIMIZATION_LEVEL = "-Onone";
			};
			name = Debug;
		};
		B97437C32E0223B5006475E5 /* Release */ = {
			isa = XCBuildConfiguration;
			buildSettings = {
				ALWAYS_SEARCH_USER_PATHS = NO;
				ASSETCATALOG_COMPILER_GENERATE_SWIFT_ASSET_SYMBOL_EXTENSIONS = YES;
				CLANG_ANALYZER_NONNULL = YES;
				CLANG_ANALYZER_NUMBER_OBJECT_CONVERSION = YES_AGGRESSIVE;
				CLANG_CXX_LANGUAGE_STANDARD = "gnu++20";
				CLANG_ENABLE_MODULES = YES;
				CLANG_ENABLE_OBJC_ARC = YES;
				CLANG_ENABLE_OBJC_WEAK = YES;
				CLANG_WARN_BLOCK_CAPTURE_AUTORELEASING = YES;
				CLANG_WARN_BOOL_CONVERSION = YES;
				CLANG_WARN_COMMA = YES;
				CLANG_WARN_CONSTANT_CONVERSION = YES;
				CLANG_WARN_DEPRECATED_OBJC_IMPLEMENTATIONS = YES;
				CLANG_WARN_DIRECT_OBJC_ISA_USAGE = YES_ERROR;
				CLANG_WARN_DOCUMENTATION_COMMENTS = YES;
				CLANG_WARN_EMPTY_BODY = YES;
				CLANG_WARN_ENUM_CONVERSION = YES;
				CLANG_WARN_INFINITE_RECURSION = YES;
				CLANG_WARN_INT_CONVERSION = YES;
				CLANG_WARN_NON_LITERAL_NULL_CONVERSION = YES;
				CLANG_WARN_OBJC_IMPLICIT_RETAIN_SELF = YES;
				CLANG_WARN_OBJC_LITERAL_CONVERSION = YES;
				CLANG_WARN_OBJC_ROOT_CLASS = YES_ERROR;
				CLANG_WARN_QUOTED_INCLUDE_IN_FRAMEWORK_HEADER = YES;
				CLANG_WARN_RANGE_LOOP_ANALYSIS = YES;
				CLANG_WARN_STRICT_PROTOTYPES = YES;
				CLANG_WARN_SUSPICIOUS_MOVE = YES;
				CLANG_WARN_UNGUARDED_AVAILABILITY = YES_AGGRESSIVE;
				CLANG_WARN_UNREACHABLE_CODE = YES;
				CLANG_WARN__DUPLICATE_METHOD_MATCH = YES;
				COPY_PHASE_STRIP = NO;
				DEBUG_INFORMATION_FORMAT = "dwarf-with-dsym";
				ENABLE_NS_ASSERTIONS = NO;
				ENABLE_STRICT_OBJC_MSGSEND = YES;
				ENABLE_USER_SCRIPT_SANDBOXING = YES;
				GCC_C_LANGUAGE_STANDARD = gnu17;
				GCC_NO_COMMON_BLOCKS = YES;
				GCC_WARN_64_TO_32_BIT_CONVERSION = YES;
				GCC_WARN_ABOUT_RETURN_TYPE = YES_ERROR;
				GCC_WARN_UNDECLARED_SELECTOR = YES;
				GCC_WARN_UNINITIALIZED_AUTOS = YES_AGGRESSIVE;
				GCC_WARN_UNUSED_FUNCTION = YES;
				GCC_WARN_UNUSED_VARIABLE = YES;
				IPHONEOS_DEPLOYMENT_TARGET = 18.5;
				LOCALIZATION_PREFERS_STRING_CATALOGS = YES;
				MTL_ENABLE_DEBUG_INFO = NO;
				MTL_FAST_MATH = YES;
				SDKROOT = iphoneos;
				SWIFT_COMPILATION_MODE = wholemodule;
				VALIDATE_PRODUCT = YES;
			};
			name = Release;
		};
		B97437C52E0223B5006475E5 /* Debug */ = {
			isa = XCBuildConfiguration;
			buildSettings = {
				ASSETCATALOG_COMPILER_APPICON_NAME = AppIcon;
				ASSETCATALOG_COMPILER_GLOBAL_ACCENT_COLOR_NAME = AccentColor;
				CODE_SIGN_STYLE = Automatic;
				CURRENT_PROJECT_VERSION = 1;
				ENABLE_PREVIEWS = YES;
				GENERATE_INFOPLIST_FILE = YES;
				INFOPLIST_KEY_UIApplicationSceneManifest_Generation = YES;
				INFOPLIST_KEY_UIApplicationSupportsIndirectInputEvents = YES;
				INFOPLIST_KEY_UILaunchScreen_Generation = YES;
				INFOPLIST_KEY_UISupportedInterfaceOrientations_iPad = "UIInterfaceOrientationPortrait UIInterfaceOrientationPortraitUpsideDown UIInterfaceOrientationLandscapeLeft UIInterfaceOrientationLandscapeRight";
				INFOPLIST_KEY_UISupportedInterfaceOrientations_iPhone = "UIInterfaceOrientationPortrait UIInterfaceOrientationLandscapeLeft UIInterfaceOrientationLandscapeRight";
				LD_RUNPATH_SEARCH_PATHS = (
					"$(inherited)",
					"@executable_path/Frameworks",
				);
				MARKETING_VERSION = 1.0;
				PRODUCT_BUNDLE_IDENTIFIER = "com.staycomm.Comm-Liquid-Glass";
				PRODUCT_NAME = "$(TARGET_NAME)";
				SWIFT_EMIT_LOC_STRINGS = YES;
				SWIFT_VERSION = 5.0;
				TARGETED_DEVICE_FAMILY = "1,2";
			};
			name = Debug;
		};
		B97437C62E0223B5006475E5 /* Release */ = {
			isa = XCBuildConfiguration;
			buildSettings = {
				ASSETCATALOG_COMPILER_APPICON_NAME = AppIcon;
				ASSETCATALOG_COMPILER_GLOBAL_ACCENT_COLOR_NAME = AccentColor;
				CODE_SIGN_STYLE = Automatic;
				CURRENT_PROJECT_VERSION = 1;
				ENABLE_PREVIEWS = YES;
				GENERATE_INFOPLIST_FILE = YES;
				INFOPLIST_KEY_UIApplicationSceneManifest_Generation = YES;
				INFOPLIST_KEY_UIApplicationSupportsIndirectInputEvents = YES;
				INFOPLIST_KEY_UILaunchScreen_Generation = YES;
				INFOPLIST_KEY_UISupportedInterfaceOrientations_iPad = "UIInterfaceOrientationPortrait UIInterfaceOrientationPortraitUpsideDown UIInterfaceOrientationLandscapeLeft UIInterfaceOrientationLandscapeRight";
				INFOPLIST_KEY_UISupportedInterfaceOrientations_iPhone = "UIInterfaceOrientationPortrait UIInterfaceOrientationLandscapeLeft UIInterfaceOrientationLandscapeRight";
				LD_RUNPATH_SEARCH_PATHS = (
					"$(inherited)",
					"@executable_path/Frameworks",
				);
				MARKETING_VERSION = 1.0;
				PRODUCT_BUNDLE_IDENTIFIER = "com.staycomm.Comm-Liquid-Glass";
				PRODUCT_NAME = "$(TARGET_NAME)";
				SWIFT_EMIT_LOC_STRINGS = YES;
				SWIFT_VERSION = 5.0;
				TARGETED_DEVICE_FAMILY = "1,2";
			};
			name = Release;
		};
		B97437C82E0223B5006475E5 /* Debug */ = {
			isa = XCBuildConfiguration;
			buildSettings = {
				BUNDLE_LOADER = "$(TEST_HOST)";
				CODE_SIGN_STYLE = Automatic;
				CURRENT_PROJECT_VERSION = 1;
				GENERATE_INFOPLIST_FILE = YES;
				IPHONEOS_DEPLOYMENT_TARGET = 18.5;
				MARKETING_VERSION = 1.0;
				PRODUCT_BUNDLE_IDENTIFIER = "com.staycomm.Comm-Liquid-GlassTests";
				PRODUCT_NAME = "$(TARGET_NAME)";
				SWIFT_EMIT_LOC_STRINGS = NO;
				SWIFT_VERSION = 5.0;
				TARGETED_DEVICE_FAMILY = "1,2";
				TEST_HOST = "$(BUILT_PRODUCTS_DIR)/Comm Liquid Glass.app/$(BUNDLE_EXECUTABLE_FOLDER_PATH)/Comm Liquid Glass";
			};
			name = Debug;
		};
		B97437C92E0223B5006475E5 /* Release */ = {
			isa = XCBuildConfiguration;
			buildSettings = {
				BUNDLE_LOADER = "$(TEST_HOST)";
				CODE_SIGN_STYLE = Automatic;
				CURRENT_PROJECT_VERSION = 1;
				GENERATE_INFOPLIST_FILE = YES;
				IPHONEOS_DEPLOYMENT_TARGET = 18.5;
				MARKETING_VERSION = 1.0;
				PRODUCT_BUNDLE_IDENTIFIER = "com.staycomm.Comm-Liquid-GlassTests";
				PRODUCT_NAME = "$(TARGET_NAME)";
				SWIFT_EMIT_LOC_STRINGS = NO;
				SWIFT_VERSION = 5.0;
				TARGETED_DEVICE_FAMILY = "1,2";
				TEST_HOST = "$(BUILT_PRODUCTS_DIR)/Comm Liquid Glass.app/$(BUNDLE_EXECUTABLE_FOLDER_PATH)/Comm Liquid Glass";
			};
			name = Release;
		};
		B97437CB2E0223B5006475E5 /* Debug */ = {
			isa = XCBuildConfiguration;
			buildSettings = {
				CODE_SIGN_STYLE = Automatic;
				CURRENT_PROJECT_VERSION = 1;
				GENERATE_INFOPLIST_FILE = YES;
				MARKETING_VERSION = 1.0;
				PRODUCT_BUNDLE_IDENTIFIER = "com.staycomm.Comm-Liquid-GlassUITests";
				PRODUCT_NAME = "$(TARGET_NAME)";
				SWIFT_EMIT_LOC_STRINGS = NO;
				SWIFT_VERSION = 5.0;
				TARGETED_DEVICE_FAMILY = "1,2";
				TEST_TARGET_NAME = "Comm Liquid Glass";
			};
			name = Debug;
		};
		B97437CC2E0223B5006475E5 /* Release */ = {
			isa = XCBuildConfiguration;
			buildSettings = {
				CODE_SIGN_STYLE = Automatic;
				CURRENT_PROJECT_VERSION = 1;
				GENERATE_INFOPLIST_FILE = YES;
				MARKETING_VERSION = 1.0;
				PRODUCT_BUNDLE_IDENTIFIER = "com.staycomm.Comm-Liquid-GlassUITests";
				PRODUCT_NAME = "$(TARGET_NAME)";
				SWIFT_EMIT_LOC_STRINGS = NO;
				SWIFT_VERSION = 5.0;
				TARGETED_DEVICE_FAMILY = "1,2";
				TEST_TARGET_NAME = "Comm Liquid Glass";
			};
			name = Release;
		};
/* End XCBuildConfiguration section */

/* Begin XCConfigurationList section */
		B974379E2E0223B0006475E5 /* Build configuration list for PBXProject "Comm Liquid Glass" */ = {
			isa = XCConfigurationList;
			buildConfigurations = (
				B97437C22E0223B5006475E5 /* Debug */,
				B97437C32E0223B5006475E5 /* Release */,
			);
			defaultConfigurationIsVisible = 0;
			defaultConfigurationName = Release;
		};
		B97437C42E0223B5006475E5 /* Build configuration list for PBXNativeTarget "Comm Liquid Glass" */ = {
			isa = XCConfigurationList;
			buildConfigurations = (
				B97437C52E0223B5006475E5 /* Debug */,
				B97437C62E0223B5006475E5 /* Release */,
			);
			defaultConfigurationIsVisible = 0;
			defaultConfigurationName = Release;
		};
		B97437C72E0223B5006475E5 /* Build configuration list for PBXNativeTarget "Comm Liquid GlassTests" */ = {
			isa = XCConfigurationList;
			buildConfigurations = (
				B97437C82E0223B5006475E5 /* Debug */,
				B97437C92E0223B5006475E5 /* Release */,
			);
			defaultConfigurationIsVisible = 0;
			defaultConfigurationName = Release;
		};
		B97437CA2E0223B5006475E5 /* Build configuration list for PBXNativeTarget "Comm Liquid GlassUITests" */ = {
			isa = XCConfigurationList;
			buildConfigurations = (
				B97437CB2E0223B5006475E5 /* Debug */,
				B97437CC2E0223B5006475E5 /* Release */,
			);
			defaultConfigurationIsVisible = 0;
			defaultConfigurationName = Release;
		};
/* End XCConfigurationList section */
	};
	rootObject = B974379B2E0223B0006475E5 /* Project object */;
}
